// !$*UTF8*$!
{
	archiveVersion = 1;
	classes = {
	};
	objectVersion = 77;
	objects = {

/* Begin PBXBuildFile section */
		6A0B09B12CEB89EA00547BF5 /* HabitsData.swift in Sources */ = {isa = PBXBuildFile; fileRef = 6A0B09B02CEB89EA00547BF5 /* HabitsData.swift */; };
		6A0B09C22CEB995500547BF5 /* HomeView.swift in Sources */ = {isa = PBXBuildFile; fileRef = 6A0B09C12CEB995500547BF5 /* HomeView.swift */; };
/* End PBXBuildFile section */

/* Begin PBXContainerItemProxy section */
		6A24FB562CE9F81C00E8F4F7 /* PBXContainerItemProxy */ = {
			isa = PBXContainerItemProxy;
			containerPortal = 6A24FB3D2CE9F81A00E8F4F7 /* Project object */;
			proxyType = 1;
			remoteGlobalIDString = 6A24FB442CE9F81A00E8F4F7;
			remoteInfo = NHabbitTracker;
		};
		6A24FB602CE9F81C00E8F4F7 /* PBXContainerItemProxy */ = {
			isa = PBXContainerItemProxy;
			containerPortal = 6A24FB3D2CE9F81A00E8F4F7 /* Project object */;
			proxyType = 1;
			remoteGlobalIDString = 6A24FB442CE9F81A00E8F4F7;
			remoteInfo = NHabbitTracker;
		};
/* End PBXContainerItemProxy section */

/* Begin PBXFileReference section */
		6A0B09B02CEB89EA00547BF5 /* HabitsData.swift */ = {isa = PBXFileReference; lastKnownFileType = sourcecode.swift; path = HabitsData.swift; sourceTree = "<group>"; };
		6A0B09C12CEB995500547BF5 /* HomeView.swift */ = {isa = PBXFileReference; lastKnownFileType = sourcecode.swift; path = HomeView.swift; sourceTree = "<group>"; };
		6A24FB452CE9F81A00E8F4F7 /* NHabbitTracker.app */ = {isa = PBXFileReference; explicitFileType = wrapper.application; includeInIndex = 0; path = NHabbitTracker.app; sourceTree = BUILT_PRODUCTS_DIR; };
		6A24FB552CE9F81C00E8F4F7 /* NHabbitTrackerTests.xctest */ = {isa = PBXFileReference; explicitFileType = wrapper.cfbundle; includeInIndex = 0; path = NHabbitTrackerTests.xctest; sourceTree = BUILT_PRODUCTS_DIR; };
		6A24FB5F2CE9F81C00E8F4F7 /* NHabbitTrackerUITests.xctest */ = {isa = PBXFileReference; explicitFileType = wrapper.cfbundle; includeInIndex = 0; path = NHabbitTrackerUITests.xctest; sourceTree = BUILT_PRODUCTS_DIR; };
/* End PBXFileReference section */

/* Begin PBXFileSystemSynchronizedRootGroup section */
		6A24FB472CE9F81A00E8F4F7 /* NHabbitTracker */ = {
			isa = PBXFileSystemSynchronizedRootGroup;
			path = NHabbitTracker;
			sourceTree = "<group>";
		};
		6A24FB582CE9F81C00E8F4F7 /* NHabbitTrackerTests */ = {
			isa = PBXFileSystemSynchronizedRootGroup;
			path = NHabbitTrackerTests;
			sourceTree = "<group>";
		};
		6A24FB622CE9F81C00E8F4F7 /* NHabbitTrackerUITests */ = {
			isa = PBXFileSystemSynchronizedRootGroup;
			path = NHabbitTrackerUITests;
			sourceTree = "<group>";
		};
/* End PBXFileSystemSynchronizedRootGroup section */

/* Begin PBXFrameworksBuildPhase section */
		6A24FB422CE9F81A00E8F4F7 /* Frameworks */ = {
			isa = PBXFrameworksBuildPhase;
			buildActionMask = 2147483647;
			files = (
			);
			runOnlyForDeploymentPostprocessing = 0;
		};
		6A24FB522CE9F81C00E8F4F7 /* Frameworks */ = {
			isa = PBXFrameworksBuildPhase;
			buildActionMask = 2147483647;
			files = (
			);
			runOnlyForDeploymentPostprocessing = 0;
		};
		6A24FB5C2CE9F81C00E8F4F7 /* Frameworks */ = {
			isa = PBXFrameworksBuildPhase;
			buildActionMask = 2147483647;
			files = (
			);
			runOnlyForDeploymentPostprocessing = 0;
		};
/* End PBXFrameworksBuildPhase section */

/* Begin PBXGroup section */
		6A24FB3C2CE9F81A00E8F4F7 = {
			isa = PBXGroup;
			children = (
				6A0B09C12CEB995500547BF5 /* HomeView.swift */,
				6A0B09B02CEB89EA00547BF5 /* HabitsData.swift */,
				6A24FB472CE9F81A00E8F4F7 /* NHabbitTracker */,
				6A24FB582CE9F81C00E8F4F7 /* NHabbitTrackerTests */,
				6A24FB622CE9F81C00E8F4F7 /* NHabbitTrackerUITests */,
				6A24FB462CE9F81A00E8F4F7 /* Products */,
			);
			sourceTree = "<group>";
		};
		6A24FB462CE9F81A00E8F4F7 /* Products */ = {
			isa = PBXGroup;
			children = (
				6A24FB452CE9F81A00E8F4F7 /* NHabbitTracker.app */,
				6A24FB552CE9F81C00E8F4F7 /* NHabbitTrackerTests.xctest */,
				6A24FB5F2CE9F81C00E8F4F7 /* NHabbitTrackerUITests.xctest */,
			);
			name = Products;
			sourceTree = "<group>";
		};
/* End PBXGroup section */

/* Begin PBXNativeTarget section */
		6A24FB442CE9F81A00E8F4F7 /* NHabbitTracker */ = {
			isa = PBXNativeTarget;
			buildConfigurationList = 6A24FB692CE9F81C00E8F4F7 /* Build configuration list for PBXNativeTarget "NHabbitTracker" */;
			buildPhases = (
				6A24FB412CE9F81A00E8F4F7 /* Sources */,
				6A24FB422CE9F81A00E8F4F7 /* Frameworks */,
				6A24FB432CE9F81A00E8F4F7 /* Resources */,
			);
			buildRules = (
			);
			dependencies = (
			);
			fileSystemSynchronizedGroups = (
				6A24FB472CE9F81A00E8F4F7 /* NHabbitTracker */,
			);
			name = NHabbitTracker;
			packageProductDependencies = (
			);
			productName = NHabbitTracker;
			productReference = 6A24FB452CE9F81A00E8F4F7 /* NHabbitTracker.app */;
			productType = "com.apple.product-type.application";
		};
		6A24FB542CE9F81C00E8F4F7 /* NHabbitTrackerTests */ = {
			isa = PBXNativeTarget;
			buildConfigurationList = 6A24FB6C2CE9F81C00E8F4F7 /* Build configuration list for PBXNativeTarget "NHabbitTrackerTests" */;
			buildPhases = (
				6A24FB512CE9F81C00E8F4F7 /* Sources */,
				6A24FB522CE9F81C00E8F4F7 /* Frameworks */,
				6A24FB532CE9F81C00E8F4F7 /* Resources */,
			);
			buildRules = (
			);
			dependencies = (
				6A24FB572CE9F81C00E8F4F7 /* PBXTargetDependency */,
			);
			fileSystemSynchronizedGroups = (
				6A24FB582CE9F81C00E8F4F7 /* NHabbitTrackerTests */,
			);
			name = NHabbitTrackerTests;
			packageProductDependencies = (
			);
			productName = NHabbitTrackerTests;
			productReference = 6A24FB552CE9F81C00E8F4F7 /* NHabbitTrackerTests.xctest */;
			productType = "com.apple.product-type.bundle.unit-test";
		};
		6A24FB5E2CE9F81C00E8F4F7 /* NHabbitTrackerUITests */ = {
			isa = PBXNativeTarget;
			buildConfigurationList = 6A24FB6F2CE9F81C00E8F4F7 /* Build configuration list for PBXNativeTarget "NHabbitTrackerUITests" */;
			buildPhases = (
				6A24FB5B2CE9F81C00E8F4F7 /* Sources */,
				6A24FB5C2CE9F81C00E8F4F7 /* Frameworks */,
				6A24FB5D2CE9F81C00E8F4F7 /* Resources */,
			);
			buildRules = (
			);
			dependencies = (
				6A24FB612CE9F81C00E8F4F7 /* PBXTargetDependency */,
			);
			fileSystemSynchronizedGroups = (
				6A24FB622CE9F81C00E8F4F7 /* NHabbitTrackerUITests */,
			);
			name = NHabbitTrackerUITests;
			packageProductDependencies = (
			);
			productName = NHabbitTrackerUITests;
			productReference = 6A24FB5F2CE9F81C00E8F4F7 /* NHabbitTrackerUITests.xctest */;
			productType = "com.apple.product-type.bundle.ui-testing";
		};
/* End PBXNativeTarget section */

/* Begin PBXProject section */
		6A24FB3D2CE9F81A00E8F4F7 /* Project object */ = {
			isa = PBXProject;
			attributes = {
				BuildIndependentTargetsInParallel = 1;
				LastSwiftUpdateCheck = 1610;
				LastUpgradeCheck = 1610;
				TargetAttributes = {
					6A24FB442CE9F81A00E8F4F7 = {
						CreatedOnToolsVersion = 16.1;
					};
					6A24FB542CE9F81C00E8F4F7 = {
						CreatedOnToolsVersion = 16.1;
						TestTargetID = 6A24FB442CE9F81A00E8F4F7;
					};
					6A24FB5E2CE9F81C00E8F4F7 = {
						CreatedOnToolsVersion = 16.1;
						TestTargetID = 6A24FB442CE9F81A00E8F4F7;
					};
				};
			};
			buildConfigurationList = 6A24FB402CE9F81A00E8F4F7 /* Build configuration list for PBXProject "NHabbitTracker" */;
			developmentRegion = en;
			hasScannedForEncodings = 0;
			knownRegions = (
				en,
				Base,
			);
			mainGroup = 6A24FB3C2CE9F81A00E8F4F7;
			minimizedProjectReferenceProxies = 1;
			preferredProjectObjectVersion = 77;
			productRefGroup = 6A24FB462CE9F81A00E8F4F7 /* Products */;
			projectDirPath = "";
			projectRoot = "";
			targets = (
				6A24FB442CE9F81A00E8F4F7 /* NHabbitTracker */,
				6A24FB542CE9F81C00E8F4F7 /* NHabbitTrackerTests */,
				6A24FB5E2CE9F81C00E8F4F7 /* NHabbitTrackerUITests */,
			);
		};
/* End PBXProject section */

/* Begin PBXResourcesBuildPhase section */
		6A24FB432CE9F81A00E8F4F7 /* Resources */ = {
			isa = PBXResourcesBuildPhase;
			buildActionMask = 2147483647;
			files = (
			);
			runOnlyForDeploymentPostprocessing = 0;
		};
		6A24FB532CE9F81C00E8F4F7 /* Resources */ = {
			isa = PBXResourcesBuildPhase;
			buildActionMask = 2147483647;
			files = (
			);
			runOnlyForDeploymentPostprocessing = 0;
		};
		6A24FB5D2CE9F81C00E8F4F7 /* Resources */ = {
			isa = PBXResourcesBuildPhase;
			buildActionMask = 2147483647;
			files = (
			);
			runOnlyForDeploymentPostprocessing = 0;
		};
/* End PBXResourcesBuildPhase section */

/* Begin PBXSourcesBuildPhase section */
		6A24FB412CE9F81A00E8F4F7 /* Sources */ = {
			isa = PBXSourcesBuildPhase;
			buildActionMask = 2147483647;
			files = (
				6A0B09C22CEB995500547BF5 /* HomeView.swift in Sources */,
				6A0B09B12CEB89EA00547BF5 /* HabitsData.swift in Sources */,
			);
			runOnlyForDeploymentPostprocessing = 0;
		};
		6A24FB512CE9F81C00E8F4F7 /* Sources */ = {
			isa = PBXSourcesBuildPhase;
			buildActionMask = 2147483647;
			files = (
			);
			runOnlyForDeploymentPostprocessing = 0;
		};
		6A24FB5B2CE9F81C00E8F4F7 /* Sources */ = {
			isa = PBXSourcesBuildPhase;
			buildActionMask = 2147483647;
			files = (
			);
			runOnlyForDeploymentPostprocessing = 0;
		};
/* End PBXSourcesBuildPhase section */

/* Begin PBXTargetDependency section */
		6A24FB572CE9F81C00E8F4F7 /* PBXTargetDependency */ = {
			isa = PBXTargetDependency;
			target = 6A24FB442CE9F81A00E8F4F7 /* NHabbitTracker */;
			targetProxy = 6A24FB562CE9F81C00E8F4F7 /* PBXContainerItemProxy */;
		};
		6A24FB612CE9F81C00E8F4F7 /* PBXTargetDependency */ = {
			isa = PBXTargetDependency;
			target = 6A24FB442CE9F81A00E8F4F7 /* NHabbitTracker */;
			targetProxy = 6A24FB602CE9F81C00E8F4F7 /* PBXContainerItemProxy */;
		};
/* End PBXTargetDependency section */

/* Begin XCBuildConfiguration section */
		6A24FB672CE9F81C00E8F4F7 /* Debug */ = {
			isa = XCBuildConfiguration;
			buildSettings = {
				ALWAYS_SEARCH_USER_PATHS = NO;
				ASSETCATALOG_COMPILER_GENERATE_SWIFT_ASSET_SYMBOL_EXTENSIONS = YES;
				CLANG_ANALYZER_NONNULL = YES;
				CLANG_ANALYZER_NUMBER_OBJECT_CONVERSION = YES_AGGRESSIVE;
				CLANG_CXX_LANGUAGE_STANDARD = "gnu++20";
				CLANG_ENABLE_MODULES = YES;
				CLANG_ENABLE_OBJC_ARC = YES;
				CLANG_ENABLE_OBJC_WEAK = YES;
				CLANG_WARN_BLOCK_CAPTURE_AUTORELEASING = YES;
				CLANG_WARN_BOOL_CONVERSION = YES;
				CLANG_WARN_COMMA = YES;
				CLANG_WARN_CONSTANT_CONVERSION = YES;
				CLANG_WARN_DEPRECATED_OBJC_IMPLEMENTATIONS = YES;
				CLANG_WARN_DIRECT_OBJC_ISA_USAGE = YES_ERROR;
				CLANG_WARN_DOCUMENTATION_COMMENTS = YES;
				CLANG_WARN_EMPTY_BODY = YES;
				CLANG_WARN_ENUM_CONVERSION = YES;
				CLANG_WARN_INFINITE_RECURSION = YES;
				CLANG_WARN_INT_CONVERSION = YES;
				CLANG_WARN_NON_LITERAL_NULL_CONVERSION = YES;
				CLANG_WARN_OBJC_IMPLICIT_RETAIN_SELF = YES;
				CLANG_WARN_OBJC_LITERAL_CONVERSION = YES;
				CLANG_WARN_OBJC_ROOT_CLASS = YES_ERROR;
				CLANG_WARN_QUOTED_INCLUDE_IN_FRAMEWORK_HEADER = YES;
				CLANG_WARN_RANGE_LOOP_ANALYSIS = YES;
				CLANG_WARN_STRICT_PROTOTYPES = YES;
				CLANG_WARN_SUSPICIOUS_MOVE = YES;
				CLANG_WARN_UNGUARDED_AVAILABILITY = YES_AGGRESSIVE;
				CLANG_WARN_UNREACHABLE_CODE = YES;
				CLANG_WARN__DUPLICATE_METHOD_MATCH = YES;
				COPY_PHASE_STRIP = NO;
				DEBUG_INFORMATION_FORMAT = dwarf;
				ENABLE_STRICT_OBJC_MSGSEND = YES;
				ENABLE_TESTABILITY = YES;
				ENABLE_USER_SCRIPT_SANDBOXING = YES;
				GCC_C_LANGUAGE_STANDARD = gnu17;
				GCC_DYNAMIC_NO_PIC = NO;
				GCC_NO_COMMON_BLOCKS = YES;
				GCC_OPTIMIZATION_LEVEL = 0;
				GCC_PREPROCESSOR_DEFINITIONS = (
					"DEBUG=1",
					"$(inherited)",
				);
				GCC_WARN_64_TO_32_BIT_CONVERSION = YES;
				GCC_WARN_ABOUT_RETURN_TYPE = YES_ERROR;
				GCC_WARN_UNDECLARED_SELECTOR = YES;
				GCC_WARN_UNINITIALIZED_AUTOS = YES_AGGRESSIVE;
				GCC_WARN_UNUSED_FUNCTION = YES;
				GCC_WARN_UNUSED_VARIABLE = YES;
				IPHONEOS_DEPLOYMENT_TARGET = 18.1;
				LOCALIZATION_PREFERS_STRING_CATALOGS = YES;
				MTL_ENABLE_DEBUG_INFO = INCLUDE_SOURCE;
				MTL_FAST_MATH = YES;
				ONLY_ACTIVE_ARCH = YES;
				SDKROOT = iphoneos;
				SWIFT_ACTIVE_COMPILATION_CONDITIONS = "DEBUG $(inherited)";
				SWIFT_OPTIMIZATION_LEVEL = "-Onone";
			};
			name = Debug;
		};
		6A24FB682CE9F81C00E8F4F7 /* Release */ = {
			isa = XCBuildConfiguration;
			buildSettings = {
				ALWAYS_SEARCH_USER_PATHS = NO;
				ASSETCATALOG_COMPILER_GENERATE_SWIFT_ASSET_SYMBOL_EXTENSIONS = YES;
				CLANG_ANALYZER_NONNULL = YES;
				CLANG_ANALYZER_NUMBER_OBJECT_CONVERSION = YES_AGGRESSIVE;
				CLANG_CXX_LANGUAGE_STANDARD = "gnu++20";
				CLANG_ENABLE_MODULES = YES;
				CLANG_ENABLE_OBJC_ARC = YES;
				CLANG_ENABLE_OBJC_WEAK = YES;
				CLANG_WARN_BLOCK_CAPTURE_AUTORELEASING = YES;
				CLANG_WARN_BOOL_CONVERSION = YES;
				CLANG_WARN_COMMA = YES;
				CLANG_WARN_CONSTANT_CONVERSION = YES;
				CLANG_WARN_DEPRECATED_OBJC_IMPLEMENTATIONS = YES;
				CLANG_WARN_DIRECT_OBJC_ISA_USAGE = YES_ERROR;
				CLANG_WARN_DOCUMENTATION_COMMENTS = YES;
				CLANG_WARN_EMPTY_BODY = YES;
				CLANG_WARN_ENUM_CONVERSION = YES;
				CLANG_WARN_INFINITE_RECURSION = YES;
				CLANG_WARN_INT_CONVERSION = YES;
				CLANG_WARN_NON_LITERAL_NULL_CONVERSION = YES;
				CLANG_WARN_OBJC_IMPLICIT_RETAIN_SELF = YES;
				CLANG_WARN_OBJC_LITERAL_CONVERSION = YES;
				CLANG_WARN_OBJC_ROOT_CLASS = YES_ERROR;
				CLANG_WARN_QUOTED_INCLUDE_IN_FRAMEWORK_HEADER = YES;
				CLANG_WARN_RANGE_LOOP_ANALYSIS = YES;
				CLANG_WARN_STRICT_PROTOTYPES = YES;
				CLANG_WARN_SUSPICIOUS_MOVE = YES;
				CLANG_WARN_UNGUARDED_AVAILABILITY = YES_AGGRESSIVE;
				CLANG_WARN_UNREACHABLE_CODE = YES;
				CLANG_WARN__DUPLICATE_METHOD_MATCH = YES;
				COPY_PHASE_STRIP = NO;
				DEBUG_INFORMATION_FORMAT = "dwarf-with-dsym";
				ENABLE_NS_ASSERTIONS = NO;
				ENABLE_STRICT_OBJC_MSGSEND = YES;
				ENABLE_USER_SCRIPT_SANDBOXING = YES;
				GCC_C_LANGUAGE_STANDARD = gnu17;
				GCC_NO_COMMON_BLOCKS = YES;
				GCC_WARN_64_TO_32_BIT_CONVERSION = YES;
				GCC_WARN_ABOUT_RETURN_TYPE = YES_ERROR;
				GCC_WARN_UNDECLARED_SELECTOR = YES;
				GCC_WARN_UNINITIALIZED_AUTOS = YES_AGGRESSIVE;
				GCC_WARN_UNUSED_FUNCTION = YES;
				GCC_WARN_UNUSED_VARIABLE = YES;
				IPHONEOS_DEPLOYMENT_TARGET = 18.1;
				LOCALIZATION_PREFERS_STRING_CATALOGS = YES;
				MTL_ENABLE_DEBUG_INFO = NO;
				MTL_FAST_MATH = YES;
				SDKROOT = iphoneos;
				SWIFT_COMPILATION_MODE = wholemodule;
				VALIDATE_PRODUCT = YES;
			};
			name = Release;
		};
		6A24FB6A2CE9F81C00E8F4F7 /* Debug */ = {
			isa = XCBuildConfiguration;
			buildSettings = {
				ASSETCATALOG_COMPILER_APPICON_NAME = AppIcon;
				ASSETCATALOG_COMPILER_GLOBAL_ACCENT_COLOR_NAME = AccentColor;
				CODE_SIGN_STYLE = Automatic;
				CURRENT_PROJECT_VERSION = 1;
				DEVELOPMENT_ASSET_PATHS = "\"NHabbitTracker/Preview Content\"";
				DEVELOPMENT_TEAM = QDU9D5S7TH;
				ENABLE_PREVIEWS = YES;
				GENERATE_INFOPLIST_FILE = YES;
				INFOPLIST_KEY_UIApplicationSceneManifest_Generation = YES;
				INFOPLIST_KEY_UIApplicationSupportsIndirectInputEvents = YES;
				INFOPLIST_KEY_UILaunchScreen_Generation = YES;
				INFOPLIST_KEY_UISupportedInterfaceOrientations_iPad = "UIInterfaceOrientationPortrait UIInterfaceOrientationPortraitUpsideDown UIInterfaceOrientationLandscapeLeft UIInterfaceOrientationLandscapeRight";
				INFOPLIST_KEY_UISupportedInterfaceOrientations_iPhone = "UIInterfaceOrientationPortrait UIInterfaceOrientationLandscapeLeft UIInterfaceOrientationLandscapeRight";
				LD_RUNPATH_SEARCH_PATHS = (
					"$(inherited)",
					"@executable_path/Frameworks",
				);
				MARKETING_VERSION = 1.0;
				PRODUCT_BUNDLE_IDENTIFIER = adrino.rosario.NHabbitTracker;
				PRODUCT_NAME = "$(TARGET_NAME)";
				SWIFT_EMIT_LOC_STRINGS = YES;
				SWIFT_VERSION = 5.0;
				TARGETED_DEVICE_FAMILY = "1,2";
			};
			name = Debug;
		};
		6A24FB6B2CE9F81C00E8F4F7 /* Release */ = {
			isa = XCBuildConfiguration;
			buildSettings = {
				ASSETCATALOG_COMPILER_APPICON_NAME = AppIcon;
				ASSETCATALOG_COMPILER_GLOBAL_ACCENT_COLOR_NAME = AccentColor;
				CODE_SIGN_STYLE = Automatic;
				CURRENT_PROJECT_VERSION = 1;
				DEVELOPMENT_ASSET_PATHS = "\"NHabbitTracker/Preview Content\"";
				DEVELOPMENT_TEAM = QDU9D5S7TH;
				ENABLE_PREVIEWS = YES;
				GENERATE_INFOPLIST_FILE = YES;
				INFOPLIST_KEY_UIApplicationSceneManifest_Generation = YES;
				INFOPLIST_KEY_UIApplicationSupportsIndirectInputEvents = YES;
				INFOPLIST_KEY_UILaunchScreen_Generation = YES;
				INFOPLIST_KEY_UISupportedInterfaceOrientations_iPad = "UIInterfaceOrientationPortrait UIInterfaceOrientationPortraitUpsideDown UIInterfaceOrientationLandscapeLeft UIInterfaceOrientationLandscapeRight";
				INFOPLIST_KEY_UISupportedInterfaceOrientations_iPhone = "UIInterfaceOrientationPortrait UIInterfaceOrientationLandscapeLeft UIInterfaceOrientationLandscapeRight";
				LD_RUNPATH_SEARCH_PATHS = (
					"$(inherited)",
					"@executable_path/Frameworks",
				);
				MARKETING_VERSION = 1.0;
				PRODUCT_BUNDLE_IDENTIFIER = adrino.rosario.NHabbitTracker;
				PRODUCT_NAME = "$(TARGET_NAME)";
				SWIFT_EMIT_LOC_STRINGS = YES;
				SWIFT_VERSION = 5.0;
				TARGETED_DEVICE_FAMILY = "1,2";
			};
			name = Release;
		};
		6A24FB6D2CE9F81C00E8F4F7 /* Debug */ = {
			isa = XCBuildConfiguration;
			buildSettings = {
				BUNDLE_LOADER = "$(TEST_HOST)";
				CODE_SIGN_STYLE = Automatic;
				CURRENT_PROJECT_VERSION = 1;
				DEVELOPMENT_TEAM = QDU9D5S7TH;
				GENERATE_INFOPLIST_FILE = YES;
				IPHONEOS_DEPLOYMENT_TARGET = 18.1;
				MARKETING_VERSION = 1.0;
				PRODUCT_BUNDLE_IDENTIFIER = adrino.rosario.NHabbitTrackerTests;
				PRODUCT_NAME = "$(TARGET_NAME)";
				SWIFT_EMIT_LOC_STRINGS = NO;
				SWIFT_VERSION = 5.0;
				TARGETED_DEVICE_FAMILY = "1,2";
				TEST_HOST = "$(BUILT_PRODUCTS_DIR)/NHabbitTracker.app/$(BUNDLE_EXECUTABLE_FOLDER_PATH)/NHabbitTracker";
			};
			name = Debug;
		};
		6A24FB6E2CE9F81C00E8F4F7 /* Release */ = {
			isa = XCBuildConfiguration;
			buildSettings = {
				BUNDLE_LOADER = "$(TEST_HOST)";
				CODE_SIGN_STYLE = Automatic;
				CURRENT_PROJECT_VERSION = 1;
				DEVELOPMENT_TEAM = QDU9D5S7TH;
				GENERATE_INFOPLIST_FILE = YES;
				IPHONEOS_DEPLOYMENT_TARGET = 18.1;
				MARKETING_VERSION = 1.0;
				PRODUCT_BUNDLE_IDENTIFIER = adrino.rosario.NHabbitTrackerTests;
				PRODUCT_NAME = "$(TARGET_NAME)";
				SWIFT_EMIT_LOC_STRINGS = NO;
				SWIFT_VERSION = 5.0;
				TARGETED_DEVICE_FAMILY = "1,2";
				TEST_HOST = "$(BUILT_PRODUCTS_DIR)/NHabbitTracker.app/$(BUNDLE_EXECUTABLE_FOLDER_PATH)/NHabbitTracker";
			};
			name = Release;
		};
		6A24FB702CE9F81C00E8F4F7 /* Debug */ = {
			isa = XCBuildConfiguration;
			buildSettings = {
				CODE_SIGN_STYLE = Automatic;
				CURRENT_PROJECT_VERSION = 1;
				DEVELOPMENT_TEAM = QDU9D5S7TH;
				GENERATE_INFOPLIST_FILE = YES;
				MARKETING_VERSION = 1.0;
				PRODUCT_BUNDLE_IDENTIFIER = adrino.rosario.NHabbitTrackerUITests;
				PRODUCT_NAME = "$(TARGET_NAME)";
				SWIFT_EMIT_LOC_STRINGS = NO;
				SWIFT_VERSION = 5.0;
				TARGETED_DEVICE_FAMILY = "1,2";
				TEST_TARGET_NAME = NHabbitTracker;
			};
			name = Debug;
		};
		6A24FB712CE9F81C00E8F4F7 /* Release */ = {
			isa = XCBuildConfiguration;
			buildSettings = {
				CODE_SIGN_STYLE = Automatic;
				CURRENT_PROJECT_VERSION = 1;
				DEVELOPMENT_TEAM = QDU9D5S7TH;
				GENERATE_INFOPLIST_FILE = YES;
				MARKETING_VERSION = 1.0;
				PRODUCT_BUNDLE_IDENTIFIER = adrino.rosario.NHabbitTrackerUITests;
				PRODUCT_NAME = "$(TARGET_NAME)";
				SWIFT_EMIT_LOC_STRINGS = NO;
				SWIFT_VERSION = 5.0;
				TARGETED_DEVICE_FAMILY = "1,2";
				TEST_TARGET_NAME = NHabbitTracker;
			};
			name = Release;
		};
/* End XCBuildConfiguration section */

/* Begin XCConfigurationList section */
		6A24FB402CE9F81A00E8F4F7 /* Build configuration list for PBXProject "NHabbitTracker" */ = {
			isa = XCConfigurationList;
			buildConfigurations = (
				6A24FB672CE9F81C00E8F4F7 /* Debug */,
				6A24FB682CE9F81C00E8F4F7 /* Release */,
			);
			defaultConfigurationIsVisible = 0;
			defaultConfigurationName = Release;
		};
		6A24FB692CE9F81C00E8F4F7 /* Build configuration list for PBXNativeTarget "NHabbitTracker" */ = {
			isa = XCConfigurationList;
			buildConfigurations = (
				6A24FB6A2CE9F81C00E8F4F7 /* Debug */,
				6A24FB6B2CE9F81C00E8F4F7 /* Release */,
			);
			defaultConfigurationIsVisible = 0;
			defaultConfigurationName = Release;
		};
		6A24FB6C2CE9F81C00E8F4F7 /* Build configuration list for PBXNativeTarget "NHabbitTrackerTests" */ = {
			isa = XCConfigurationList;
			buildConfigurations = (
				6A24FB6D2CE9F81C00E8F4F7 /* Debug */,
				6A24FB6E2CE9F81C00E8F4F7 /* Release */,
			);
			defaultConfigurationIsVisible = 0;
			defaultConfigurationName = Release;
		};
		6A24FB6F2CE9F81C00E8F4F7 /* Build configuration list for PBXNativeTarget "NHabbitTrackerUITests" */ = {
			isa = XCConfigurationList;
			buildConfigurations = (
				6A24FB702CE9F81C00E8F4F7 /* Debug */,
				6A24FB712CE9F81C00E8F4F7 /* Release */,
			);
			defaultConfigurationIsVisible = 0;
			defaultConfigurationName = Release;
		};
/* End XCConfigurationList section */
	};
	rootObject = 6A24FB3D2CE9F81A00E8F4F7 /* Project object */;
}
